// !$*UTF8*$!
{
	archiveVersion = 1;
	classes = {
	};
	objectVersion = 56;
	objects = {

/* Begin PBXBuildFile section */
		1222B95F2B46F8CA00803C59 /* LinkMarkApp.swift in Sources */ = {isa = PBXBuildFile; fileRef = 1222B95E2B46F8CA00803C59 /* LinkMarkApp.swift */; };
		1222B9632B46F8CB00803C59 /* Images.xcassets in Resources */ = {isa = PBXBuildFile; fileRef = 1222B9622B46F8CB00803C59 /* Images.xcassets */; };
		1222B9662B46F8CB00803C59 /* Preview Assets.xcassets in Resources */ = {isa = PBXBuildFile; fileRef = 1222B9652B46F8CB00803C59 /* Preview Assets.xcassets */; };
		1222B96B2B46F8CB00803C59 /* LinkMark.xcdatamodeld in Sources */ = {isa = PBXBuildFile; fileRef = 1222B9692B46F8CB00803C59 /* LinkMark.xcdatamodeld */; };
		1222B9792B46FA1B00803C59 /* GoogleService-Info.plist in Resources */ = {isa = PBXBuildFile; fileRef = 1222B9782B46FA1B00803C59 /* GoogleService-Info.plist */; };
		1222B97C2B46FA9800803C59 /* Localizable.strings in Resources */ = {isa = PBXBuildFile; fileRef = 1222B97E2B46FA9800803C59 /* Localizable.strings */; };
		1222B9812B46FAAC00803C59 /* Colors.xcassets in Resources */ = {isa = PBXBuildFile; fileRef = 1222B9802B46FAAC00803C59 /* Colors.xcassets */; };
		1222B9842B46FADF00803C59 /* Assets.swift in Sources */ = {isa = PBXBuildFile; fileRef = 1222B9822B46FADF00803C59 /* Assets.swift */; };
		1222B9852B46FADF00803C59 /* Strings.swift in Sources */ = {isa = PBXBuildFile; fileRef = 1222B9832B46FADF00803C59 /* Strings.swift */; };
		1222B9892B47B14900803C59 /* CoreDataRepository.swift in Sources */ = {isa = PBXBuildFile; fileRef = 1222B9882B47B14900803C59 /* CoreDataRepository.swift */; };
		12746ACB2B58FBAA009D1473 /* SectionTitleView.swift in Sources */ = {isa = PBXBuildFile; fileRef = 12746ACA2B58FBAA009D1473 /* SectionTitleView.swift */; };
		12746ACD2B58FC81009D1473 /* InputView.swift in Sources */ = {isa = PBXBuildFile; fileRef = 12746ACC2B58FC81009D1473 /* InputView.swift */; };
		12746AD02B594922009D1473 /* CustomNotifyDialogView.swift in Sources */ = {isa = PBXBuildFile; fileRef = 12746ACF2B594922009D1473 /* CustomNotifyDialogView.swift */; };
		12746AD22B595518009D1473 /* LocatorInputView.swift in Sources */ = {isa = PBXBuildFile; fileRef = 12746AD12B595518009D1473 /* LocatorInputView.swift */; };
		12746AD42B596D48009D1473 /* UICustomWebView.swift in Sources */ = {isa = PBXBuildFile; fileRef = 12746AD32B596D48009D1473 /* UICustomWebView.swift */; };
		12746AD62B596F6E009D1473 /* DateFormatManager.swift in Sources */ = {isa = PBXBuildFile; fileRef = 12746AD52B596F6E009D1473 /* DateFormatManager.swift */; };
		12746AD82B5A2006009D1473 /* RootEnvironment.swift in Sources */ = {isa = PBXBuildFile; fileRef = 12746AD72B5A2006009D1473 /* RootEnvironment.swift */; };
		12746ADA2B5A2A8A009D1473 /* ExString.swift in Sources */ = {isa = PBXBuildFile; fileRef = 12746AD92B5A2A8A009D1473 /* ExString.swift */; };
		12746ADC2B5A2B11009D1473 /* LocatorRepository.swift in Sources */ = {isa = PBXBuildFile; fileRef = 12746ADB2B5A2B11009D1473 /* LocatorRepository.swift */; };
		12746ADE2B5A2B23009D1473 /* CategoryRepository.swift in Sources */ = {isa = PBXBuildFile; fileRef = 12746ADD2B5A2B23009D1473 /* CategoryRepository.swift */; };
		12746AE02B5A588D009D1473 /* EXCollection.swift in Sources */ = {isa = PBXBuildFile; fileRef = 12746ADF2B5A588D009D1473 /* EXCollection.swift */; };
		1274ED322B4EC09600D1A926 /* Category+CoreDataClass.swift in Sources */ = {isa = PBXBuildFile; fileRef = 1274ED312B4EC09600D1A926 /* Category+CoreDataClass.swift */; };
		1274ED342B4EC09E00D1A926 /* Locator+CoreDataClass.swift in Sources */ = {isa = PBXBuildFile; fileRef = 1274ED332B4EC09E00D1A926 /* Locator+CoreDataClass.swift */; };
		1274ED362B4EC47900D1A926 /* CategoryListView.swift in Sources */ = {isa = PBXBuildFile; fileRef = 1274ED352B4EC47900D1A926 /* CategoryListView.swift */; };
		1274ED392B4EC87C00D1A926 /* RepositoryDependency.swift in Sources */ = {isa = PBXBuildFile; fileRef = 1274ED382B4EC87C00D1A926 /* RepositoryDependency.swift */; };
		1274ED3B2B4EC8AC00D1A926 /* CategoryViewModel.swift in Sources */ = {isa = PBXBuildFile; fileRef = 1274ED3A2B4EC8AC00D1A926 /* CategoryViewModel.swift */; };
		1274ED3D2B4EE37D00D1A926 /* LocatorListView.swift in Sources */ = {isa = PBXBuildFile; fileRef = 1274ED3C2B4EE37D00D1A926 /* LocatorListView.swift */; };
		1274ED3F2B4EE3B000D1A926 /* RootView.swift in Sources */ = {isa = PBXBuildFile; fileRef = 1274ED3E2B4EE3B000D1A926 /* RootView.swift */; };
		1274ED432B4EE45B00D1A926 /* LocatorViewModel.swift in Sources */ = {isa = PBXBuildFile; fileRef = 1274ED422B4EE45B00D1A926 /* LocatorViewModel.swift */; };
		1274ED452B4FB91800D1A926 /* CategoryInputView.swift in Sources */ = {isa = PBXBuildFile; fileRef = 1274ED442B4FB91800D1A926 /* CategoryInputView.swift */; };
		1274ED472B4FBB2E00D1A926 /* CategoryColor.swift in Sources */ = {isa = PBXBuildFile; fileRef = 1274ED462B4FBB2E00D1A926 /* CategoryColor.swift */; };
		128FC4762B5AAC4A003E3B53 /* HeaderView.swift in Sources */ = {isa = PBXBuildFile; fileRef = 128FC4752B5AAC4A003E3B53 /* HeaderView.swift */; };
		128FC4782B5AB609003E3B53 /* ControlWebView.swift in Sources */ = {isa = PBXBuildFile; fileRef = 128FC4772B5AB609003E3B53 /* ControlWebView.swift */; };
		128FC47A2B5AB718003E3B53 /* ScreenPath.swift in Sources */ = {isa = PBXBuildFile; fileRef = 128FC4792B5AB718003E3B53 /* ScreenPath.swift */; };
		128FC4832B5B9396003E3B53 /* SettingView.swift in Sources */ = {isa = PBXBuildFile; fileRef = 128FC4822B5B9396003E3B53 /* SettingView.swift */; };
		128FC4862B5B9C26003E3B53 /* AppLockView.swift in Sources */ = {isa = PBXBuildFile; fileRef = 128FC4852B5B9C26003E3B53 /* AppLockView.swift */; };
		128FC4882B5B9C4C003E3B53 /* AppLockViewModel.swift in Sources */ = {isa = PBXBuildFile; fileRef = 128FC4872B5B9C4C003E3B53 /* AppLockViewModel.swift */; };
		128FC48A2B5B9C64003E3B53 /* BiometricAuthRepository.swift in Sources */ = {isa = PBXBuildFile; fileRef = 128FC4892B5B9C64003E3B53 /* BiometricAuthRepository.swift */; };
		128FC48C2B5B9C78003E3B53 /* KeyChainRepository.swift in Sources */ = {isa = PBXBuildFile; fileRef = 128FC48B2B5B9C78003E3B53 /* KeyChainRepository.swift */; };
		128FC48E2B5B9CD6003E3B53 /* DeviceSizeManager.swift in Sources */ = {isa = PBXBuildFile; fileRef = 128FC48D2B5B9CD6003E3B53 /* DeviceSizeManager.swift */; };
		128FC4902B5B9D29003E3B53 /* RootViewModel.swift in Sources */ = {isa = PBXBuildFile; fileRef = 128FC48F2B5B9D29003E3B53 /* RootViewModel.swift */; };
		128FC4922B5B9E0C003E3B53 /* SettingViewModel.swift in Sources */ = {isa = PBXBuildFile; fileRef = 128FC4912B5B9E0C003E3B53 /* SettingViewModel.swift */; };
		128FC4942B5B9E34003E3B53 /* UserDefaultsRepository.swift in Sources */ = {isa = PBXBuildFile; fileRef = 128FC4932B5B9E34003E3B53 /* UserDefaultsRepository.swift */; };
		128FC4982B5B9F65003E3B53 /* AppLockInputView.swift in Sources */ = {isa = PBXBuildFile; fileRef = 128FC4972B5B9F65003E3B53 /* AppLockInputView.swift */; };
		128FC49B2B5B9F7B003E3B53 /* AppLockInputViewModel.swift in Sources */ = {isa = PBXBuildFile; fileRef = 128FC49A2B5B9F7B003E3B53 /* AppLockInputViewModel.swift */; };
		128FC49D2B5BA949003E3B53 /* AdMobView.swift in Sources */ = {isa = PBXBuildFile; fileRef = 128FC49C2B5BA949003E3B53 /* AdMobView.swift */; };
		7F2BEE17A18D4463FA94A011 /* Pods_LinkMark.framework in Frameworks */ = {isa = PBXBuildFile; fileRef = 4BAE40D35CA5E1D19DF82288 /* Pods_LinkMark.framework */; };
/* End PBXBuildFile section */

/* Begin PBXFileReference section */
		1222B95B2B46F8CA00803C59 /* LinkMark.app */ = {isa = PBXFileReference; explicitFileType = wrapper.application; includeInIndex = 0; path = LinkMark.app; sourceTree = BUILT_PRODUCTS_DIR; };
		1222B95E2B46F8CA00803C59 /* LinkMarkApp.swift */ = {isa = PBXFileReference; lastKnownFileType = sourcecode.swift; path = LinkMarkApp.swift; sourceTree = "<group>"; };
		1222B9622B46F8CB00803C59 /* Images.xcassets */ = {isa = PBXFileReference; lastKnownFileType = folder.assetcatalog; path = Images.xcassets; sourceTree = "<group>"; };
		1222B9652B46F8CB00803C59 /* Preview Assets.xcassets */ = {isa = PBXFileReference; lastKnownFileType = folder.assetcatalog; path = "Preview Assets.xcassets"; sourceTree = "<group>"; };
		1222B96A2B46F8CB00803C59 /* LinkMark.xcdatamodel */ = {isa = PBXFileReference; lastKnownFileType = wrapper.xcdatamodel; path = LinkMark.xcdatamodel; sourceTree = "<group>"; };
		1222B9782B46FA1B00803C59 /* GoogleService-Info.plist */ = {isa = PBXFileReference; lastKnownFileType = text.plist; path = "GoogleService-Info.plist"; sourceTree = SOURCE_ROOT; };
		1222B97D2B46FA9800803C59 /* en */ = {isa = PBXFileReference; lastKnownFileType = text.plist.strings; name = en; path = en.lproj/Localizable.strings; sourceTree = "<group>"; };
		1222B97F2B46FA9900803C59 /* ja */ = {isa = PBXFileReference; lastKnownFileType = text.plist.strings; name = ja; path = ja.lproj/Localizable.strings; sourceTree = "<group>"; };
		1222B9802B46FAAC00803C59 /* Colors.xcassets */ = {isa = PBXFileReference; lastKnownFileType = folder.assetcatalog; path = Colors.xcassets; sourceTree = "<group>"; };
		1222B9822B46FADF00803C59 /* Assets.swift */ = {isa = PBXFileReference; fileEncoding = 4; lastKnownFileType = sourcecode.swift; path = Assets.swift; sourceTree = "<group>"; };
		1222B9832B46FADF00803C59 /* Strings.swift */ = {isa = PBXFileReference; fileEncoding = 4; lastKnownFileType = sourcecode.swift; path = Strings.swift; sourceTree = "<group>"; };
		1222B9862B46FB1200803C59 /* Info.plist */ = {isa = PBXFileReference; lastKnownFileType = text.plist; path = Info.plist; sourceTree = "<group>"; };
		1222B9882B47B14900803C59 /* CoreDataRepository.swift */ = {isa = PBXFileReference; lastKnownFileType = sourcecode.swift; path = CoreDataRepository.swift; sourceTree = "<group>"; };
		12746ACA2B58FBAA009D1473 /* SectionTitleView.swift */ = {isa = PBXFileReference; lastKnownFileType = sourcecode.swift; path = SectionTitleView.swift; sourceTree = "<group>"; };
		12746ACC2B58FC81009D1473 /* InputView.swift */ = {isa = PBXFileReference; lastKnownFileType = sourcecode.swift; path = InputView.swift; sourceTree = "<group>"; };
		12746ACF2B594922009D1473 /* CustomNotifyDialogView.swift */ = {isa = PBXFileReference; lastKnownFileType = sourcecode.swift; path = CustomNotifyDialogView.swift; sourceTree = "<group>"; };
		12746AD12B595518009D1473 /* LocatorInputView.swift */ = {isa = PBXFileReference; lastKnownFileType = sourcecode.swift; path = LocatorInputView.swift; sourceTree = "<group>"; };
		12746AD32B596D48009D1473 /* UICustomWebView.swift */ = {isa = PBXFileReference; lastKnownFileType = sourcecode.swift; path = UICustomWebView.swift; sourceTree = "<group>"; };
		12746AD52B596F6E009D1473 /* DateFormatManager.swift */ = {isa = PBXFileReference; lastKnownFileType = sourcecode.swift; path = DateFormatManager.swift; sourceTree = "<group>"; };
		12746AD72B5A2006009D1473 /* RootEnvironment.swift */ = {isa = PBXFileReference; lastKnownFileType = sourcecode.swift; path = RootEnvironment.swift; sourceTree = "<group>"; };
		12746AD92B5A2A8A009D1473 /* ExString.swift */ = {isa = PBXFileReference; lastKnownFileType = sourcecode.swift; path = ExString.swift; sourceTree = "<group>"; };
		12746ADB2B5A2B11009D1473 /* LocatorRepository.swift */ = {isa = PBXFileReference; lastKnownFileType = sourcecode.swift; path = LocatorRepository.swift; sourceTree = "<group>"; };
		12746ADD2B5A2B23009D1473 /* CategoryRepository.swift */ = {isa = PBXFileReference; lastKnownFileType = sourcecode.swift; path = CategoryRepository.swift; sourceTree = "<group>"; };
		12746ADF2B5A588D009D1473 /* EXCollection.swift */ = {isa = PBXFileReference; lastKnownFileType = sourcecode.swift; path = EXCollection.swift; sourceTree = "<group>"; };
		1274ED312B4EC09600D1A926 /* Category+CoreDataClass.swift */ = {isa = PBXFileReference; fileEncoding = 4; lastKnownFileType = sourcecode.swift; path = "Category+CoreDataClass.swift"; sourceTree = "<group>"; };
		1274ED332B4EC09E00D1A926 /* Locator+CoreDataClass.swift */ = {isa = PBXFileReference; lastKnownFileType = sourcecode.swift; name = "Locator+CoreDataClass.swift"; path = "/Users/s/Desktop/SwiftApp/LinkMark/LinkMark/Model/Locator+CoreDataClass.swift"; sourceTree = "<absolute>"; };
		1274ED352B4EC47900D1A926 /* CategoryListView.swift */ = {isa = PBXFileReference; lastKnownFileType = sourcecode.swift; path = CategoryListView.swift; sourceTree = "<group>"; };
		1274ED382B4EC87C00D1A926 /* RepositoryDependency.swift */ = {isa = PBXFileReference; lastKnownFileType = sourcecode.swift; path = RepositoryDependency.swift; sourceTree = "<group>"; };
		1274ED3A2B4EC8AC00D1A926 /* CategoryViewModel.swift */ = {isa = PBXFileReference; lastKnownFileType = sourcecode.swift; path = CategoryViewModel.swift; sourceTree = "<group>"; };
		1274ED3C2B4EE37D00D1A926 /* LocatorListView.swift */ = {isa = PBXFileReference; lastKnownFileType = sourcecode.swift; path = LocatorListView.swift; sourceTree = "<group>"; };
		1274ED3E2B4EE3B000D1A926 /* RootView.swift */ = {isa = PBXFileReference; lastKnownFileType = sourcecode.swift; path = RootView.swift; sourceTree = "<group>"; };
		1274ED422B4EE45B00D1A926 /* LocatorViewModel.swift */ = {isa = PBXFileReference; lastKnownFileType = sourcecode.swift; path = LocatorViewModel.swift; sourceTree = "<group>"; };
		1274ED442B4FB91800D1A926 /* CategoryInputView.swift */ = {isa = PBXFileReference; lastKnownFileType = sourcecode.swift; path = CategoryInputView.swift; sourceTree = "<group>"; };
		1274ED462B4FBB2E00D1A926 /* CategoryColor.swift */ = {isa = PBXFileReference; lastKnownFileType = sourcecode.swift; path = CategoryColor.swift; sourceTree = "<group>"; };
		128FC4752B5AAC4A003E3B53 /* HeaderView.swift */ = {isa = PBXFileReference; lastKnownFileType = sourcecode.swift; path = HeaderView.swift; sourceTree = "<group>"; };
		128FC4772B5AB609003E3B53 /* ControlWebView.swift */ = {isa = PBXFileReference; lastKnownFileType = sourcecode.swift; path = ControlWebView.swift; sourceTree = "<group>"; };
		128FC4792B5AB718003E3B53 /* ScreenPath.swift */ = {isa = PBXFileReference; lastKnownFileType = sourcecode.swift; path = ScreenPath.swift; sourceTree = "<group>"; };
		128FC4822B5B9396003E3B53 /* SettingView.swift */ = {isa = PBXFileReference; lastKnownFileType = sourcecode.swift; path = SettingView.swift; sourceTree = "<group>"; };
		128FC4852B5B9C26003E3B53 /* AppLockView.swift */ = {isa = PBXFileReference; lastKnownFileType = sourcecode.swift; path = AppLockView.swift; sourceTree = "<group>"; };
		128FC4872B5B9C4C003E3B53 /* AppLockViewModel.swift */ = {isa = PBXFileReference; lastKnownFileType = sourcecode.swift; path = AppLockViewModel.swift; sourceTree = "<group>"; };
		128FC4892B5B9C64003E3B53 /* BiometricAuthRepository.swift */ = {isa = PBXFileReference; lastKnownFileType = sourcecode.swift; path = BiometricAuthRepository.swift; sourceTree = "<group>"; };
		128FC48B2B5B9C78003E3B53 /* KeyChainRepository.swift */ = {isa = PBXFileReference; lastKnownFileType = sourcecode.swift; path = KeyChainRepository.swift; sourceTree = "<group>"; };
		128FC48D2B5B9CD6003E3B53 /* DeviceSizeManager.swift */ = {isa = PBXFileReference; lastKnownFileType = sourcecode.swift; path = DeviceSizeManager.swift; sourceTree = "<group>"; };
		128FC48F2B5B9D29003E3B53 /* RootViewModel.swift */ = {isa = PBXFileReference; lastKnownFileType = sourcecode.swift; path = RootViewModel.swift; sourceTree = "<group>"; };
		128FC4912B5B9E0C003E3B53 /* SettingViewModel.swift */ = {isa = PBXFileReference; lastKnownFileType = sourcecode.swift; path = SettingViewModel.swift; sourceTree = "<group>"; };
		128FC4932B5B9E34003E3B53 /* UserDefaultsRepository.swift */ = {isa = PBXFileReference; lastKnownFileType = sourcecode.swift; path = UserDefaultsRepository.swift; sourceTree = "<group>"; };
		128FC4972B5B9F65003E3B53 /* AppLockInputView.swift */ = {isa = PBXFileReference; lastKnownFileType = sourcecode.swift; path = AppLockInputView.swift; sourceTree = "<group>"; };
		128FC49A2B5B9F7B003E3B53 /* AppLockInputViewModel.swift */ = {isa = PBXFileReference; lastKnownFileType = sourcecode.swift; path = AppLockInputViewModel.swift; sourceTree = "<group>"; };
		128FC49C2B5BA949003E3B53 /* AdMobView.swift */ = {isa = PBXFileReference; lastKnownFileType = sourcecode.swift; path = AdMobView.swift; sourceTree = "<group>"; };
		310D77694CE249A028E5BF92 /* Pods-LinkMark.release.xcconfig */ = {isa = PBXFileReference; includeInIndex = 1; lastKnownFileType = text.xcconfig; name = "Pods-LinkMark.release.xcconfig"; path = "Target Support Files/Pods-LinkMark/Pods-LinkMark.release.xcconfig"; sourceTree = "<group>"; };
		4BAE40D35CA5E1D19DF82288 /* Pods_LinkMark.framework */ = {isa = PBXFileReference; explicitFileType = wrapper.framework; includeInIndex = 0; path = Pods_LinkMark.framework; sourceTree = BUILT_PRODUCTS_DIR; };
		DC133F7F981F41DD71F089FA /* Pods-LinkMark.debug.xcconfig */ = {isa = PBXFileReference; includeInIndex = 1; lastKnownFileType = text.xcconfig; name = "Pods-LinkMark.debug.xcconfig"; path = "Target Support Files/Pods-LinkMark/Pods-LinkMark.debug.xcconfig"; sourceTree = "<group>"; };
/* End PBXFileReference section */

/* Begin PBXFrameworksBuildPhase section */
		1222B9582B46F8CA00803C59 /* Frameworks */ = {
			isa = PBXFrameworksBuildPhase;
			buildActionMask = 2147483647;
			files = (
				7F2BEE17A18D4463FA94A011 /* Pods_LinkMark.framework in Frameworks */,
			);
			runOnlyForDeploymentPostprocessing = 0;
		};
/* End PBXFrameworksBuildPhase section */

/* Begin PBXGroup section */
		1222B9522B46F8CA00803C59 = {
			isa = PBXGroup;
			children = (
				1222B95D2B46F8CA00803C59 /* LinkMark */,
				1222B95C2B46F8CA00803C59 /* Products */,
				DD2E9CC773F8FB56276F9F93 /* Pods */,
				DF95A00CDF8FFB8543738531 /* Frameworks */,
			);
			sourceTree = "<group>";
		};
		1222B95C2B46F8CA00803C59 /* Products */ = {
			isa = PBXGroup;
			children = (
				1222B95B2B46F8CA00803C59 /* LinkMark.app */,
			);
			name = Products;
			sourceTree = "<group>";
		};
		1222B95D2B46F8CA00803C59 /* LinkMark */ = {
			isa = PBXGroup;
			children = (
				1222B9862B46FB1200803C59 /* Info.plist */,
				1222B9782B46FA1B00803C59 /* GoogleService-Info.plist */,
				1222B9752B46F9F200803C59 /* Generated */,
				1222B9772B46FA0000803C59 /* Resources */,
				1222B9742B46F9EB00803C59 /* Extension&Utility */,
				1222B9722B46F9D000803C59 /* Model */,
				1222B9712B46F9C600803C59 /* View */,
				1222B9732B46F9DA00803C59 /* ViewModel */,
				1222B9762B46F9F900803C59 /* Repository */,
				1222B9642B46F8CB00803C59 /* Preview Content */,
			);
			path = LinkMark;
			sourceTree = "<group>";
		};
		1222B9642B46F8CB00803C59 /* Preview Content */ = {
			isa = PBXGroup;
			children = (
				1222B9652B46F8CB00803C59 /* Preview Assets.xcassets */,
			);
			path = "Preview Content";
			sourceTree = "<group>";
		};
		1222B9712B46F9C600803C59 /* View */ = {
			isa = PBXGroup;
			children = (
				1222B95E2B46F8CA00803C59 /* LinkMarkApp.swift */,
				1274ED3E2B4EE3B000D1A926 /* RootView.swift */,
				128FC47F2B5B9346003E3B53 /* Category */,
				128FC4802B5B9356003E3B53 /* Locator */,
				128FC47D2B5AB7D3003E3B53 /* WebView */,
				128FC4812B5B937F003E3B53 /* Setting */,
				128FC4842B5B9C18003E3B53 /* AppLock */,
				12746ACE2B5948B7009D1473 /* Dialog */,
				12746AC92B58FB70009D1473 /* Components */,
			);
			path = View;
			sourceTree = "<group>";
		};
		1222B9722B46F9D000803C59 /* Model */ = {
			isa = PBXGroup;
			children = (
				128FC47B2B5AB79B003E3B53 /* CoreData */,
				128FC47C2B5AB7B8003E3B53 /* Navigation */,
			);
			path = Model;
			sourceTree = "<group>";
		};
		1222B9732B46F9DA00803C59 /* ViewModel */ = {
			isa = PBXGroup;
			children = (
				12746AD72B5A2006009D1473 /* RootEnvironment.swift */,
				128FC4912B5B9E0C003E3B53 /* SettingViewModel.swift */,
				1274ED3A2B4EC8AC00D1A926 /* CategoryViewModel.swift */,
				1274ED422B4EE45B00D1A926 /* LocatorViewModel.swift */,
				128FC4992B5B9F70003E3B53 /* AppLock */,
				128FC48F2B5B9D29003E3B53 /* RootViewModel.swift */,
			);
			path = ViewModel;
			sourceTree = "<group>";
		};
		1222B9742B46F9EB00803C59 /* Extension&Utility */ = {
			isa = PBXGroup;
			children = (
				12746AD52B596F6E009D1473 /* DateFormatManager.swift */,
				128FC48D2B5B9CD6003E3B53 /* DeviceSizeManager.swift */,
				12746AD92B5A2A8A009D1473 /* ExString.swift */,
				12746ADF2B5A588D009D1473 /* EXCollection.swift */,
			);
			path = "Extension&Utility";
			sourceTree = "<group>";
		};
		1222B9752B46F9F200803C59 /* Generated */ = {
			isa = PBXGroup;
			children = (
				1222B9822B46FADF00803C59 /* Assets.swift */,
				1222B9832B46FADF00803C59 /* Strings.swift */,
			);
			path = Generated;
			sourceTree = "<group>";
		};
		1222B9762B46F9F900803C59 /* Repository */ = {
			isa = PBXGroup;
			children = (
				1274ED372B4EC87300D1A926 /* DI */,
				128FC4952B5B9E40003E3B53 /* AppModel */,
				128FC4962B5B9E56003E3B53 /* DB */,
				128FC4892B5B9C64003E3B53 /* BiometricAuthRepository.swift */,
			);
			path = Repository;
			sourceTree = "<group>";
		};
		1222B9772B46FA0000803C59 /* Resources */ = {
			isa = PBXGroup;
			children = (
				1222B9622B46F8CB00803C59 /* Images.xcassets */,
				1222B9802B46FAAC00803C59 /* Colors.xcassets */,
				1222B97E2B46FA9800803C59 /* Localizable.strings */,
			);
			path = Resources;
			sourceTree = "<group>";
		};
		12746AC92B58FB70009D1473 /* Components */ = {
			isa = PBXGroup;
			children = (
				128FC47E2B5AB80B003E3B53 /* Layout */,
				12746ACA2B58FBAA009D1473 /* SectionTitleView.swift */,
				12746ACC2B58FC81009D1473 /* InputView.swift */,
				128FC49C2B5BA949003E3B53 /* AdMobView.swift */,
			);
			path = Components;
			sourceTree = "<group>";
		};
		12746ACE2B5948B7009D1473 /* Dialog */ = {
			isa = PBXGroup;
			children = (
				12746ACF2B594922009D1473 /* CustomNotifyDialogView.swift */,
			);
			path = Dialog;
			sourceTree = "<group>";
		};
		1274ED372B4EC87300D1A926 /* DI */ = {
			isa = PBXGroup;
			children = (
				1274ED382B4EC87C00D1A926 /* RepositoryDependency.swift */,
			);
			path = DI;
			sourceTree = "<group>";
		};
		128FC47B2B5AB79B003E3B53 /* CoreData */ = {
			isa = PBXGroup;
			children = (
				1274ED312B4EC09600D1A926 /* Category+CoreDataClass.swift */,
				1274ED332B4EC09E00D1A926 /* Locator+CoreDataClass.swift */,
				1274ED462B4FBB2E00D1A926 /* CategoryColor.swift */,
				1222B9692B46F8CB00803C59 /* LinkMark.xcdatamodeld */,
			);
			name = CoreData;
			sourceTree = "<group>";
		};
		128FC47C2B5AB7B8003E3B53 /* Navigation */ = {
			isa = PBXGroup;
			children = (
				128FC4792B5AB718003E3B53 /* ScreenPath.swift */,
			);
			name = Navigation;
			sourceTree = "<group>";
		};
		128FC47D2B5AB7D3003E3B53 /* WebView */ = {
			isa = PBXGroup;
			children = (
				128FC4772B5AB609003E3B53 /* ControlWebView.swift */,
				12746AD32B596D48009D1473 /* UICustomWebView.swift */,
			);
			path = WebView;
			sourceTree = "<group>";
		};
		128FC47E2B5AB80B003E3B53 /* Layout */ = {
			isa = PBXGroup;
			children = (
				128FC4752B5AAC4A003E3B53 /* HeaderView.swift */,
			);
			path = Layout;
			sourceTree = "<group>";
		};
		128FC47F2B5B9346003E3B53 /* Category */ = {
			isa = PBXGroup;
			children = (
				1274ED352B4EC47900D1A926 /* CategoryListView.swift */,
				1274ED442B4FB91800D1A926 /* CategoryInputView.swift */,
			);
			path = Category;
			sourceTree = "<group>";
		};
		128FC4802B5B9356003E3B53 /* Locator */ = {
			isa = PBXGroup;
			children = (
				1274ED3C2B4EE37D00D1A926 /* LocatorListView.swift */,
				12746AD12B595518009D1473 /* LocatorInputView.swift */,
			);
			path = Locator;
			sourceTree = "<group>";
		};
		128FC4812B5B937F003E3B53 /* Setting */ = {
			isa = PBXGroup;
			children = (
				128FC4822B5B9396003E3B53 /* SettingView.swift */,
			);
			path = Setting;
			sourceTree = "<group>";
		};
		128FC4842B5B9C18003E3B53 /* AppLock */ = {
			isa = PBXGroup;
			children = (
				128FC4852B5B9C26003E3B53 /* AppLockView.swift */,
				128FC4972B5B9F65003E3B53 /* AppLockInputView.swift */,
			);
			path = AppLock;
			sourceTree = "<group>";
		};
		128FC4952B5B9E40003E3B53 /* AppModel */ = {
			isa = PBXGroup;
			children = (
				12746ADD2B5A2B23009D1473 /* CategoryRepository.swift */,
				12746ADB2B5A2B11009D1473 /* LocatorRepository.swift */,
			);
			path = AppModel;
			sourceTree = "<group>";
		};
		128FC4962B5B9E56003E3B53 /* DB */ = {
			isa = PBXGroup;
			children = (
				1222B9882B47B14900803C59 /* CoreDataRepository.swift */,
				128FC4932B5B9E34003E3B53 /* UserDefaultsRepository.swift */,
				128FC48B2B5B9C78003E3B53 /* KeyChainRepository.swift */,
			);
			path = DB;
			sourceTree = "<group>";
		};
		128FC4992B5B9F70003E3B53 /* AppLock */ = {
			isa = PBXGroup;
			children = (
				128FC4872B5B9C4C003E3B53 /* AppLockViewModel.swift */,
				128FC49A2B5B9F7B003E3B53 /* AppLockInputViewModel.swift */,
			);
			path = AppLock;
			sourceTree = "<group>";
		};
		DD2E9CC773F8FB56276F9F93 /* Pods */ = {
			isa = PBXGroup;
			children = (
				DC133F7F981F41DD71F089FA /* Pods-LinkMark.debug.xcconfig */,
				310D77694CE249A028E5BF92 /* Pods-LinkMark.release.xcconfig */,
			);
			path = Pods;
			sourceTree = "<group>";
		};
		DF95A00CDF8FFB8543738531 /* Frameworks */ = {
			isa = PBXGroup;
			children = (
				4BAE40D35CA5E1D19DF82288 /* Pods_LinkMark.framework */,
			);
			name = Frameworks;
			sourceTree = "<group>";
		};
/* End PBXGroup section */

/* Begin PBXNativeTarget section */
		1222B95A2B46F8CA00803C59 /* LinkMark */ = {
			isa = PBXNativeTarget;
			buildConfigurationList = 1222B96E2B46F8CB00803C59 /* Build configuration list for PBXNativeTarget "LinkMark" */;
			buildPhases = (
				942CF145BD106AC3C5F5C725 /* [CP] Check Pods Manifest.lock */,
				1222B9572B46F8CA00803C59 /* Sources */,
				1222B9582B46F8CA00803C59 /* Frameworks */,
				1222B9592B46F8CA00803C59 /* Resources */,
				D61795B0245B5E480061238B /* [CP] Embed Pods Frameworks */,
			);
			buildRules = (
			);
			dependencies = (
			);
			name = LinkMark;
			productName = LinkMark;
			productReference = 1222B95B2B46F8CA00803C59 /* LinkMark.app */;
			productType = "com.apple.product-type.application";
		};
/* End PBXNativeTarget section */

/* Begin PBXProject section */
		1222B9532B46F8CA00803C59 /* Project object */ = {
			isa = PBXProject;
			attributes = {
				BuildIndependentTargetsInParallel = 1;
				LastSwiftUpdateCheck = 1500;
				LastUpgradeCheck = 1500;
				TargetAttributes = {
					1222B95A2B46F8CA00803C59 = {
						CreatedOnToolsVersion = 15.0.1;
					};
				};
			};
			buildConfigurationList = 1222B9562B46F8CA00803C59 /* Build configuration list for PBXProject "LinkMark" */;
			compatibilityVersion = "Xcode 14.0";
			developmentRegion = en;
			hasScannedForEncodings = 0;
			knownRegions = (
				en,
				Base,
				ja,
			);
			mainGroup = 1222B9522B46F8CA00803C59;
			productRefGroup = 1222B95C2B46F8CA00803C59 /* Products */;
			projectDirPath = "";
			projectRoot = "";
			targets = (
				1222B95A2B46F8CA00803C59 /* LinkMark */,
			);
		};
/* End PBXProject section */

/* Begin PBXResourcesBuildPhase section */
		1222B9592B46F8CA00803C59 /* Resources */ = {
			isa = PBXResourcesBuildPhase;
			buildActionMask = 2147483647;
			files = (
				1222B9812B46FAAC00803C59 /* Colors.xcassets in Resources */,
				1222B9662B46F8CB00803C59 /* Preview Assets.xcassets in Resources */,
				1222B97C2B46FA9800803C59 /* Localizable.strings in Resources */,
				1222B9632B46F8CB00803C59 /* Images.xcassets in Resources */,
				1222B9792B46FA1B00803C59 /* GoogleService-Info.plist in Resources */,
			);
			runOnlyForDeploymentPostprocessing = 0;
		};
/* End PBXResourcesBuildPhase section */

/* Begin PBXShellScriptBuildPhase section */
		942CF145BD106AC3C5F5C725 /* [CP] Check Pods Manifest.lock */ = {
			isa = PBXShellScriptBuildPhase;
			buildActionMask = 2147483647;
			files = (
			);
			inputFileListPaths = (
			);
			inputPaths = (
				"${PODS_PODFILE_DIR_PATH}/Podfile.lock",
				"${PODS_ROOT}/Manifest.lock",
			);
			name = "[CP] Check Pods Manifest.lock";
			outputFileListPaths = (
			);
			outputPaths = (
				"$(DERIVED_FILE_DIR)/Pods-LinkMark-checkManifestLockResult.txt",
			);
			runOnlyForDeploymentPostprocessing = 0;
			shellPath = /bin/sh;
			shellScript = "diff \"${PODS_PODFILE_DIR_PATH}/Podfile.lock\" \"${PODS_ROOT}/Manifest.lock\" > /dev/null\nif [ $? != 0 ] ; then\n    # print error to STDERR\n    echo \"error: The sandbox is not in sync with the Podfile.lock. Run 'pod install' or update your CocoaPods installation.\" >&2\n    exit 1\nfi\n# This output is used by Xcode 'outputs' to avoid re-running this script phase.\necho \"SUCCESS\" > \"${SCRIPT_OUTPUT_FILE_0}\"\n";
			showEnvVarsInLog = 0;
		};
		D61795B0245B5E480061238B /* [CP] Embed Pods Frameworks */ = {
			isa = PBXShellScriptBuildPhase;
			buildActionMask = 2147483647;
			files = (
			);
			inputFileListPaths = (
				"${PODS_ROOT}/Target Support Files/Pods-LinkMark/Pods-LinkMark-frameworks-${CONFIGURATION}-input-files.xcfilelist",
			);
			name = "[CP] Embed Pods Frameworks";
			outputFileListPaths = (
				"${PODS_ROOT}/Target Support Files/Pods-LinkMark/Pods-LinkMark-frameworks-${CONFIGURATION}-output-files.xcfilelist",
			);
			runOnlyForDeploymentPostprocessing = 0;
			shellPath = /bin/sh;
			shellScript = "\"${PODS_ROOT}/Target Support Files/Pods-LinkMark/Pods-LinkMark-frameworks.sh\"\n";
			showEnvVarsInLog = 0;
		};
/* End PBXShellScriptBuildPhase section */

/* Begin PBXSourcesBuildPhase section */
		1222B9572B46F8CA00803C59 /* Sources */ = {
			isa = PBXSourcesBuildPhase;
			buildActionMask = 2147483647;
			files = (
				12746AD62B596F6E009D1473 /* DateFormatManager.swift in Sources */,
				12746AD82B5A2006009D1473 /* RootEnvironment.swift in Sources */,
				12746AD22B595518009D1473 /* LocatorInputView.swift in Sources */,
				1274ED432B4EE45B00D1A926 /* LocatorViewModel.swift in Sources */,
				128FC49B2B5B9F7B003E3B53 /* AppLockInputViewModel.swift in Sources */,
				12746ADE2B5A2B23009D1473 /* CategoryRepository.swift in Sources */,
				1222B96B2B46F8CB00803C59 /* LinkMark.xcdatamodeld in Sources */,
				12746AE02B5A588D009D1473 /* EXCollection.swift in Sources */,
				128FC4882B5B9C4C003E3B53 /* AppLockViewModel.swift in Sources */,
				128FC4862B5B9C26003E3B53 /* AppLockView.swift in Sources */,
				1274ED392B4EC87C00D1A926 /* RepositoryDependency.swift in Sources */,
				128FC4922B5B9E0C003E3B53 /* SettingViewModel.swift in Sources */,
				1274ED452B4FB91800D1A926 /* CategoryInputView.swift in Sources */,
				1274ED322B4EC09600D1A926 /* Category+CoreDataClass.swift in Sources */,
				1274ED362B4EC47900D1A926 /* CategoryListView.swift in Sources */,
				1222B9842B46FADF00803C59 /* Assets.swift in Sources */,
				1274ED3B2B4EC8AC00D1A926 /* CategoryViewModel.swift in Sources */,
				1274ED3D2B4EE37D00D1A926 /* LocatorListView.swift in Sources */,
				12746ADC2B5A2B11009D1473 /* LocatorRepository.swift in Sources */,
				12746ADA2B5A2A8A009D1473 /* ExString.swift in Sources */,
				1222B9852B46FADF00803C59 /* Strings.swift in Sources */,
				1274ED472B4FBB2E00D1A926 /* CategoryColor.swift in Sources */,
				12746AD42B596D48009D1473 /* UICustomWebView.swift in Sources */,
				128FC4762B5AAC4A003E3B53 /* HeaderView.swift in Sources */,
				1274ED3F2B4EE3B000D1A926 /* RootView.swift in Sources */,
				128FC4942B5B9E34003E3B53 /* UserDefaultsRepository.swift in Sources */,
				128FC4832B5B9396003E3B53 /* SettingView.swift in Sources */,
				128FC4782B5AB609003E3B53 /* ControlWebView.swift in Sources */,
				128FC49D2B5BA949003E3B53 /* AdMobView.swift in Sources */,
				1222B95F2B46F8CA00803C59 /* LinkMarkApp.swift in Sources */,
				1274ED342B4EC09E00D1A926 /* Locator+CoreDataClass.swift in Sources */,
				128FC47A2B5AB718003E3B53 /* ScreenPath.swift in Sources */,
				12746ACD2B58FC81009D1473 /* InputView.swift in Sources */,
				12746AD02B594922009D1473 /* CustomNotifyDialogView.swift in Sources */,
				1222B9892B47B14900803C59 /* CoreDataRepository.swift in Sources */,
				128FC4982B5B9F65003E3B53 /* AppLockInputView.swift in Sources */,
				12746ACB2B58FBAA009D1473 /* SectionTitleView.swift in Sources */,
				128FC48A2B5B9C64003E3B53 /* BiometricAuthRepository.swift in Sources */,
				128FC48C2B5B9C78003E3B53 /* KeyChainRepository.swift in Sources */,
				128FC4902B5B9D29003E3B53 /* RootViewModel.swift in Sources */,
				128FC48E2B5B9CD6003E3B53 /* DeviceSizeManager.swift in Sources */,
			);
			runOnlyForDeploymentPostprocessing = 0;
		};
/* End PBXSourcesBuildPhase section */

/* Begin PBXVariantGroup section */
		1222B97E2B46FA9800803C59 /* Localizable.strings */ = {
			isa = PBXVariantGroup;
			children = (
				1222B97D2B46FA9800803C59 /* en */,
				1222B97F2B46FA9900803C59 /* ja */,
			);
			name = Localizable.strings;
			sourceTree = "<group>";
		};
/* End PBXVariantGroup section */

/* Begin XCBuildConfiguration section */
		1222B96C2B46F8CB00803C59 /* Debug */ = {
			isa = XCBuildConfiguration;
			buildSettings = {
				ALWAYS_SEARCH_USER_PATHS = NO;
				ASSETCATALOG_COMPILER_GENERATE_SWIFT_ASSET_SYMBOL_EXTENSIONS = YES;
				CLANG_ANALYZER_NONNULL = YES;
				CLANG_ANALYZER_NUMBER_OBJECT_CONVERSION = YES_AGGRESSIVE;
				CLANG_CXX_LANGUAGE_STANDARD = "gnu++20";
				CLANG_ENABLE_MODULES = YES;
				CLANG_ENABLE_OBJC_ARC = YES;
				CLANG_ENABLE_OBJC_WEAK = YES;
				CLANG_WARN_BLOCK_CAPTURE_AUTORELEASING = YES;
				CLANG_WARN_BOOL_CONVERSION = YES;
				CLANG_WARN_COMMA = YES;
				CLANG_WARN_CONSTANT_CONVERSION = YES;
				CLANG_WARN_DEPRECATED_OBJC_IMPLEMENTATIONS = YES;
				CLANG_WARN_DIRECT_OBJC_ISA_USAGE = YES_ERROR;
				CLANG_WARN_DOCUMENTATION_COMMENTS = YES;
				CLANG_WARN_EMPTY_BODY = YES;
				CLANG_WARN_ENUM_CONVERSION = YES;
				CLANG_WARN_INFINITE_RECURSION = YES;
				CLANG_WARN_INT_CONVERSION = YES;
				CLANG_WARN_NON_LITERAL_NULL_CONVERSION = YES;
				CLANG_WARN_OBJC_IMPLICIT_RETAIN_SELF = YES;
				CLANG_WARN_OBJC_LITERAL_CONVERSION = YES;
				CLANG_WARN_OBJC_ROOT_CLASS = YES_ERROR;
				CLANG_WARN_QUOTED_INCLUDE_IN_FRAMEWORK_HEADER = YES;
				CLANG_WARN_RANGE_LOOP_ANALYSIS = YES;
				CLANG_WARN_STRICT_PROTOTYPES = YES;
				CLANG_WARN_SUSPICIOUS_MOVE = YES;
				CLANG_WARN_UNGUARDED_AVAILABILITY = YES_AGGRESSIVE;
				CLANG_WARN_UNREACHABLE_CODE = YES;
				CLANG_WARN__DUPLICATE_METHOD_MATCH = YES;
				COPY_PHASE_STRIP = NO;
				DEBUG_INFORMATION_FORMAT = dwarf;
				ENABLE_STRICT_OBJC_MSGSEND = YES;
				ENABLE_TESTABILITY = YES;
				ENABLE_USER_SCRIPT_SANDBOXING = YES;
				GCC_C_LANGUAGE_STANDARD = gnu17;
				GCC_DYNAMIC_NO_PIC = NO;
				GCC_NO_COMMON_BLOCKS = YES;
				GCC_OPTIMIZATION_LEVEL = 0;
				GCC_PREPROCESSOR_DEFINITIONS = (
					"DEBUG=1",
					"$(inherited)",
				);
				GCC_WARN_64_TO_32_BIT_CONVERSION = YES;
				GCC_WARN_ABOUT_RETURN_TYPE = YES_ERROR;
				GCC_WARN_UNDECLARED_SELECTOR = YES;
				GCC_WARN_UNINITIALIZED_AUTOS = YES_AGGRESSIVE;
				GCC_WARN_UNUSED_FUNCTION = YES;
				GCC_WARN_UNUSED_VARIABLE = YES;
				IPHONEOS_DEPLOYMENT_TARGET = 17.0;
				LOCALIZATION_PREFERS_STRING_CATALOGS = YES;
				MTL_ENABLE_DEBUG_INFO = INCLUDE_SOURCE;
				MTL_FAST_MATH = YES;
				ONLY_ACTIVE_ARCH = YES;
				SDKROOT = iphoneos;
				SWIFT_ACTIVE_COMPILATION_CONDITIONS = "DEBUG $(inherited)";
				SWIFT_OPTIMIZATION_LEVEL = "-Onone";
			};
			name = Debug;
		};
		1222B96D2B46F8CB00803C59 /* Release */ = {
			isa = XCBuildConfiguration;
			buildSettings = {
				ALWAYS_SEARCH_USER_PATHS = NO;
				ASSETCATALOG_COMPILER_GENERATE_SWIFT_ASSET_SYMBOL_EXTENSIONS = YES;
				CLANG_ANALYZER_NONNULL = YES;
				CLANG_ANALYZER_NUMBER_OBJECT_CONVERSION = YES_AGGRESSIVE;
				CLANG_CXX_LANGUAGE_STANDARD = "gnu++20";
				CLANG_ENABLE_MODULES = YES;
				CLANG_ENABLE_OBJC_ARC = YES;
				CLANG_ENABLE_OBJC_WEAK = YES;
				CLANG_WARN_BLOCK_CAPTURE_AUTORELEASING = YES;
				CLANG_WARN_BOOL_CONVERSION = YES;
				CLANG_WARN_COMMA = YES;
				CLANG_WARN_CONSTANT_CONVERSION = YES;
				CLANG_WARN_DEPRECATED_OBJC_IMPLEMENTATIONS = YES;
				CLANG_WARN_DIRECT_OBJC_ISA_USAGE = YES_ERROR;
				CLANG_WARN_DOCUMENTATION_COMMENTS = YES;
				CLANG_WARN_EMPTY_BODY = YES;
				CLANG_WARN_ENUM_CONVERSION = YES;
				CLANG_WARN_INFINITE_RECURSION = YES;
				CLANG_WARN_INT_CONVERSION = YES;
				CLANG_WARN_NON_LITERAL_NULL_CONVERSION = YES;
				CLANG_WARN_OBJC_IMPLICIT_RETAIN_SELF = YES;
				CLANG_WARN_OBJC_LITERAL_CONVERSION = YES;
				CLANG_WARN_OBJC_ROOT_CLASS = YES_ERROR;
				CLANG_WARN_QUOTED_INCLUDE_IN_FRAMEWORK_HEADER = YES;
				CLANG_WARN_RANGE_LOOP_ANALYSIS = YES;
				CLANG_WARN_STRICT_PROTOTYPES = YES;
				CLANG_WARN_SUSPICIOUS_MOVE = YES;
				CLANG_WARN_UNGUARDED_AVAILABILITY = YES_AGGRESSIVE;
				CLANG_WARN_UNREACHABLE_CODE = YES;
				CLANG_WARN__DUPLICATE_METHOD_MATCH = YES;
				COPY_PHASE_STRIP = NO;
				DEBUG_INFORMATION_FORMAT = "dwarf-with-dsym";
				ENABLE_NS_ASSERTIONS = NO;
				ENABLE_STRICT_OBJC_MSGSEND = YES;
				ENABLE_USER_SCRIPT_SANDBOXING = YES;
				GCC_C_LANGUAGE_STANDARD = gnu17;
				GCC_NO_COMMON_BLOCKS = YES;
				GCC_WARN_64_TO_32_BIT_CONVERSION = YES;
				GCC_WARN_ABOUT_RETURN_TYPE = YES_ERROR;
				GCC_WARN_UNDECLARED_SELECTOR = YES;
				GCC_WARN_UNINITIALIZED_AUTOS = YES_AGGRESSIVE;
				GCC_WARN_UNUSED_FUNCTION = YES;
				GCC_WARN_UNUSED_VARIABLE = YES;
				IPHONEOS_DEPLOYMENT_TARGET = 17.0;
				LOCALIZATION_PREFERS_STRING_CATALOGS = YES;
				MTL_ENABLE_DEBUG_INFO = NO;
				MTL_FAST_MATH = YES;
				SDKROOT = iphoneos;
				SWIFT_COMPILATION_MODE = wholemodule;
				VALIDATE_PRODUCT = YES;
			};
			name = Release;
		};
		1222B96F2B46F8CB00803C59 /* Debug */ = {
			isa = XCBuildConfiguration;
			baseConfigurationReference = DC133F7F981F41DD71F089FA /* Pods-LinkMark.debug.xcconfig */;
			buildSettings = {
				ASSETCATALOG_COMPILER_APPICON_NAME = AppIcon;
				ASSETCATALOG_COMPILER_GLOBAL_ACCENT_COLOR_NAME = AccentColor;
				CODE_SIGN_STYLE = Automatic;
				CURRENT_PROJECT_VERSION = 1;
				DEVELOPMENT_ASSET_PATHS = "\"LinkMark/Preview Content\"";
				DEVELOPMENT_TEAM = CGD79LB65H;
				ENABLE_PREVIEWS = YES;
				ENABLE_USER_SCRIPT_SANDBOXING = NO;
				GENERATE_INFOPLIST_FILE = YES;
				INFOPLIST_FILE = LinkMark/Info.plist;
				INFOPLIST_KEY_UIApplicationSceneManifest_Generation = YES;
				INFOPLIST_KEY_UIApplicationSupportsIndirectInputEvents = YES;
				INFOPLIST_KEY_UILaunchScreen_Generation = YES;
				INFOPLIST_KEY_UISupportedInterfaceOrientations_iPad = "UIInterfaceOrientationPortrait UIInterfaceOrientationPortraitUpsideDown UIInterfaceOrientationLandscapeLeft UIInterfaceOrientationLandscapeRight";
				INFOPLIST_KEY_UISupportedInterfaceOrientations_iPhone = "UIInterfaceOrientationPortrait UIInterfaceOrientationLandscapeLeft UIInterfaceOrientationLandscapeRight";
				LD_RUNPATH_SEARCH_PATHS = (
					"$(inherited)",
					"@executable_path/Frameworks",
				);
				MARKETING_VERSION = 1.0;
				PRODUCT_BUNDLE_IDENTIFIER = com.ame.LinkMark;
				PRODUCT_NAME = "$(TARGET_NAME)";
				SWIFT_EMIT_LOC_STRINGS = YES;
				SWIFT_VERSION = 5.0;
				TARGETED_DEVICE_FAMILY = "1,2";
			};
			name = Debug;
		};
		1222B9702B46F8CB00803C59 /* Release */ = {
			isa = XCBuildConfiguration;
			baseConfigurationReference = 310D77694CE249A028E5BF92 /* Pods-LinkMark.release.xcconfig */;
			buildSettings = {
				ASSETCATALOG_COMPILER_APPICON_NAME = AppIcon;
				ASSETCATALOG_COMPILER_GLOBAL_ACCENT_COLOR_NAME = AccentColor;
				CODE_SIGN_STYLE = Automatic;
				CURRENT_PROJECT_VERSION = 1;
				DEVELOPMENT_ASSET_PATHS = "\"LinkMark/Preview Content\"";
				DEVELOPMENT_TEAM = CGD79LB65H;
				ENABLE_PREVIEWS = YES;
				ENABLE_USER_SCRIPT_SANDBOXING = NO;
				GENERATE_INFOPLIST_FILE = YES;
				INFOPLIST_FILE = LinkMark/Info.plist;
				INFOPLIST_KEY_UIApplicationSceneManifest_Generation = YES;
				INFOPLIST_KEY_UIApplicationSupportsIndirectInputEvents = YES;
				INFOPLIST_KEY_UILaunchScreen_Generation = YES;
				INFOPLIST_KEY_UISupportedInterfaceOrientations_iPad = "UIInterfaceOrientationPortrait UIInterfaceOrientationPortraitUpsideDown UIInterfaceOrientationLandscapeLeft UIInterfaceOrientationLandscapeRight";
				INFOPLIST_KEY_UISupportedInterfaceOrientations_iPhone = "UIInterfaceOrientationPortrait UIInterfaceOrientationLandscapeLeft UIInterfaceOrientationLandscapeRight";
				LD_RUNPATH_SEARCH_PATHS = (
					"$(inherited)",
					"@executable_path/Frameworks",
				);
				MARKETING_VERSION = 1.0;
				PRODUCT_BUNDLE_IDENTIFIER = com.ame.LinkMark;
				PRODUCT_NAME = "$(TARGET_NAME)";
				SWIFT_EMIT_LOC_STRINGS = YES;
				SWIFT_VERSION = 5.0;
				TARGETED_DEVICE_FAMILY = "1,2";
			};
			name = Release;
		};
/* End XCBuildConfiguration section */

/* Begin XCConfigurationList section */
		1222B9562B46F8CA00803C59 /* Build configuration list for PBXProject "LinkMark" */ = {
			isa = XCConfigurationList;
			buildConfigurations = (
				1222B96C2B46F8CB00803C59 /* Debug */,
				1222B96D2B46F8CB00803C59 /* Release */,
			);
			defaultConfigurationIsVisible = 0;
			defaultConfigurationName = Release;
		};
		1222B96E2B46F8CB00803C59 /* Build configuration list for PBXNativeTarget "LinkMark" */ = {
			isa = XCConfigurationList;
			buildConfigurations = (
				1222B96F2B46F8CB00803C59 /* Debug */,
				1222B9702B46F8CB00803C59 /* Release */,
			);
			defaultConfigurationIsVisible = 0;
			defaultConfigurationName = Release;
		};
/* End XCConfigurationList section */

/* Begin XCVersionGroup section */
		1222B9692B46F8CB00803C59 /* LinkMark.xcdatamodeld */ = {
			isa = XCVersionGroup;
			children = (
				1222B96A2B46F8CB00803C59 /* LinkMark.xcdatamodel */,
			);
			currentVersion = 1222B96A2B46F8CB00803C59 /* LinkMark.xcdatamodel */;
			path = LinkMark.xcdatamodeld;
			sourceTree = "<group>";
			versionGroupType = wrapper.xcdatamodel;
		};
/* End XCVersionGroup section */
	};
	rootObject = 1222B9532B46F8CA00803C59 /* Project object */;
}
